
Microsoft Visual Studio Solution File, Format Version 12.00
# Visual Studio Version 17
VisualStudioVersion = 17.1.32210.238
MinimumVisualStudioVersion = 10.0.40219.1
Project("{FAE04EC0-301F-11D3-BF4B-00C04F79EFBC}") = "PrimeiroWebApp", "PrimeiroWebApp.csproj", "{C968AA70-1074-42A0-8BC7-32F382FA2FD2}"
EndProject
Global
	GlobalSection(SolutionConfigurationPlatforms) = preSolution
		Debug|Any CPU = Debug|Any CPU
		Release|Any CPU = Release|Any CPU
	EndGlobalSection
	GlobalSection(ProjectConfigurationPlatforms) = postSolution
		{C968AA70-1074-42A0-8BC7-32F382FA2FD2}.Debug|Any CPU.ActiveCfg = Debug|Any CPU
		{C968AA70-1074-42A0-8BC7-32F382FA2FD2}.Debug|Any CPU.Build.0 = Debug|Any CPU
		{C968AA70-1074-42A0-8BC7-32F382FA2FD2}.Release|Any CPU.ActiveCfg = Release|Any CPU
		{C968AA70-1074-42A0-8BC7-32F382FA2FD2}.Release|Any CPU.Build.0 = Release|Any CPU
	EndGlobalSection
	GlobalSection(SolutionProperties) = preSolution
		HideSolutionNode = FALSE
	EndGlobalSection
	GlobalSection(ExtensibilityGlobals) = postSolution
		SolutionGuid = {7BF5478B-EBEB-460B-922B-FB5108F039ED}
	EndGlobalSection
EndGlobal
