
Microsoft Visual Studio Solution File, Format Version 12.00
# Visual Studio Version 17
VisualStudioVersion = 17.2.32602.215
MinimumVisualStudioVersion = 10.0.40219.1
Project("{FAE04EC0-301F-11D3-BF4B-00C04F79EFBC}") = "SONDA_EMBRAER", "SONDA_EMBRAER\SONDA_EMBRAER.csproj", "{DC8AA09B-5EB5-48B0-8AF6-10ED18FD7AE7}"
EndProject
Global
	GlobalSection(SolutionConfigurationPlatforms) = preSolution
		Debug|Any CPU = Debug|Any CPU
		Release|Any CPU = Release|Any CPU
	EndGlobalSection
	GlobalSection(ProjectConfigurationPlatforms) = postSolution
		{DC8AA09B-5EB5-48B0-8AF6-10ED18FD7AE7}.Debug|Any CPU.ActiveCfg = Debug|Any CPU
		{DC8AA09B-5EB5-48B0-8AF6-10ED18FD7AE7}.Debug|Any CPU.Build.0 = Debug|Any CPU
		{DC8AA09B-5EB5-48B0-8AF6-10ED18FD7AE7}.Release|Any CPU.ActiveCfg = Release|Any CPU
		{DC8AA09B-5EB5-48B0-8AF6-10ED18FD7AE7}.Release|Any CPU.Build.0 = Release|Any CPU
	EndGlobalSection
	GlobalSection(SolutionProperties) = preSolution
		HideSolutionNode = FALSE
	EndGlobalSection
	GlobalSection(ExtensibilityGlobals) = postSolution
		SolutionGuid = {0D17917E-29AC-4838-AB60-3757386B2417}
	EndGlobalSection
EndGlobal
